
Microsoft Visual Studio Solution File, Format Version 12.00
# Visual Studio Version 17
VisualStudioVersion = 17.7.34202.233
MinimumVisualStudioVersion = 10.0.40219.1
Project("{8BC9CEB8-8B4A-11D0-8D11-00A0C91BC942}") = "ball_game", "ball_game\ball_game.vcxproj", "{281ED862-231A-49CD-9E81-5171F8A25C5F}"
EndProject
Global
	GlobalSection(SolutionConfigurationPlatforms) = preSolution
		Debug|x64 = Debug|x64
		Debug|x86 = Debug|x86
		Release|x64 = Release|x64
		Release|x86 = Release|x86
	EndGlobalSection
	GlobalSection(ProjectConfigurationPlatforms) = postSolution
		{281ED862-231A-49CD-9E81-5171F8A25C5F}.Debug|x64.ActiveCfg = Debug|x64
		{281ED862-231A-49CD-9E81-5171F8A25C5F}.Debug|x64.Build.0 = Debug|x64
		{281ED862-231A-49CD-9E81-5171F8A25C5F}.Debug|x86.ActiveCfg = Debug|Win32
		{281ED862-231A-49CD-9E81-5171F8A25C5F}.Debug|x86.Build.0 = Debug|Win32
		{281ED862-231A-49CD-9E81-5171F8A25C5F}.Release|x64.ActiveCfg = Release|x64
		{281ED862-231A-49CD-9E81-5171F8A25C5F}.Release|x64.Build.0 = Release|x64
		{281ED862-231A-49CD-9E81-5171F8A25C5F}.Release|x86.ActiveCfg = Release|Win32
		{281ED862-231A-49CD-9E81-5171F8A25C5F}.Release|x86.Build.0 = Release|Win32
	EndGlobalSection
	GlobalSection(SolutionProperties) = preSolution
		HideSolutionNode = FALSE
	EndGlobalSection
	GlobalSection(ExtensibilityGlobals) = postSolution
		SolutionGuid = {79F2F213-4EE8-4103-8706-439879B63EC4}
	EndGlobalSection
EndGlobal
